
Microsoft Visual Studio Solution File, Format Version 12.00
# Visual Studio Version 17
VisualStudioVersion = 17.9.34728.123
MinimumVisualStudioVersion = 10.0.40219.1
Project("{9A19103F-16F7-4668-BE54-9A1E7A4F7556}") = "MextFullstackSaas.Domain", "MextFullstackSaas.Domain\MextFullstackSaas.Domain.csproj", "{275AAA47-0545-4D57-A4E0-570318BD4E71}"
EndProject
Project("{9A19103F-16F7-4668-BE54-9A1E7A4F7556}") = "MextFullStackSaas.Application", "MextFullStackSaas.Application\MextFullStackSaas.Application.csproj", "{B307782B-EB01-437C-8886-6C59A3A9CEB5}"
EndProject
Project("{9A19103F-16F7-4668-BE54-9A1E7A4F7556}") = "MextFullStackSaas.Infrastructure", "MextFullStackSaas.Infrastructure\MextFullStackSaas.Infrastructure.csproj", "{E089CCDB-C834-473B-8928-43B754877CB3}"
EndProject
Project("{9A19103F-16F7-4668-BE54-9A1E7A4F7556}") = "MextFullStackSaas.WebApi", "MextFullStackSaas.WebApi\MextFullStackSaas.WebApi.csproj", "{B7ECBAB0-1D58-41ED-BD73-E60873E96C11}"
EndProject
Project("{9A19103F-16F7-4668-BE54-9A1E7A4F7556}") = "MextFullStackSaas.WasmClientt", "MextFullStackSaas.WasmClientt\MextFullStackSaas.WasmClientt.csproj", "{B6A9E72B-9278-44E1-8BC0-7C89D4B990E4}"
EndProject
Global
	GlobalSection(SolutionConfigurationPlatforms) = preSolution
		Debug|Any CPU = Debug|Any CPU
		Release|Any CPU = Release|Any CPU
	EndGlobalSection
	GlobalSection(ProjectConfigurationPlatforms) = postSolution
		{275AAA47-0545-4D57-A4E0-570318BD4E71}.Debug|Any CPU.ActiveCfg = Debug|Any CPU
		{275AAA47-0545-4D57-A4E0-570318BD4E71}.Debug|Any CPU.Build.0 = Debug|Any CPU
		{275AAA47-0545-4D57-A4E0-570318BD4E71}.Release|Any CPU.ActiveCfg = Release|Any CPU
		{275AAA47-0545-4D57-A4E0-570318BD4E71}.Release|Any CPU.Build.0 = Release|Any CPU
		{B307782B-EB01-437C-8886-6C59A3A9CEB5}.Debug|Any CPU.ActiveCfg = Debug|Any CPU
		{B307782B-EB01-437C-8886-6C59A3A9CEB5}.Debug|Any CPU.Build.0 = Debug|Any CPU
		{B307782B-EB01-437C-8886-6C59A3A9CEB5}.Release|Any CPU.ActiveCfg = Release|Any CPU
		{B307782B-EB01-437C-8886-6C59A3A9CEB5}.Release|Any CPU.Build.0 = Release|Any CPU
		{E089CCDB-C834-473B-8928-43B754877CB3}.Debug|Any CPU.ActiveCfg = Debug|Any CPU
		{E089CCDB-C834-473B-8928-43B754877CB3}.Debug|Any CPU.Build.0 = Debug|Any CPU
		{E089CCDB-C834-473B-8928-43B754877CB3}.Release|Any CPU.ActiveCfg = Release|Any CPU
		{E089CCDB-C834-473B-8928-43B754877CB3}.Release|Any CPU.Build.0 = Release|Any CPU
		{B7ECBAB0-1D58-41ED-BD73-E60873E96C11}.Debug|Any CPU.ActiveCfg = Debug|Any CPU
		{B7ECBAB0-1D58-41ED-BD73-E60873E96C11}.Debug|Any CPU.Build.0 = Debug|Any CPU
		{B7ECBAB0-1D58-41ED-BD73-E60873E96C11}.Release|Any CPU.ActiveCfg = Release|Any CPU
		{B7ECBAB0-1D58-41ED-BD73-E60873E96C11}.Release|Any CPU.Build.0 = Release|Any CPU
		{B6A9E72B-9278-44E1-8BC0-7C89D4B990E4}.Debug|Any CPU.ActiveCfg = Debug|Any CPU
		{B6A9E72B-9278-44E1-8BC0-7C89D4B990E4}.Debug|Any CPU.Build.0 = Debug|Any CPU
		{B6A9E72B-9278-44E1-8BC0-7C89D4B990E4}.Release|Any CPU.ActiveCfg = Release|Any CPU
		{B6A9E72B-9278-44E1-8BC0-7C89D4B990E4}.Release|Any CPU.Build.0 = Release|Any CPU
	EndGlobalSection
	GlobalSection(SolutionProperties) = preSolution
		HideSolutionNode = FALSE
	EndGlobalSection
	GlobalSection(ExtensibilityGlobals) = postSolution
		SolutionGuid = {93C715B8-05FE-46E6-BEA6-B20581C2284A}
	EndGlobalSection
EndGlobal
